
Microsoft Visual Studio Solution File, Format Version 12.00
# Visual Studio Version 17
VisualStudioVersion = 17.9.34616.47
MinimumVisualStudioVersion = 10.0.40219.1
Project("{FAE04EC0-301F-11D3-BF4B-00C04F79EFBC}") = "CRUDUcp1", "CRUDUcp1\CRUDUcp1.csproj", "{CA90A4B9-074F-45DA-802F-6BB0D56CD190}"
EndProject
Global
	GlobalSection(SolutionConfigurationPlatforms) = preSolution
		Debug|Any CPU = Debug|Any CPU
		Release|Any CPU = Release|Any CPU
	EndGlobalSection
	GlobalSection(ProjectConfigurationPlatforms) = postSolution
		{CA90A4B9-074F-45DA-802F-6BB0D56CD190}.Debug|Any CPU.ActiveCfg = Debug|Any CPU
		{CA90A4B9-074F-45DA-802F-6BB0D56CD190}.Debug|Any CPU.Build.0 = Debug|Any CPU
		{CA90A4B9-074F-45DA-802F-6BB0D56CD190}.Release|Any CPU.ActiveCfg = Release|Any CPU
		{CA90A4B9-074F-45DA-802F-6BB0D56CD190}.Release|Any CPU.Build.0 = Release|Any CPU
	EndGlobalSection
	GlobalSection(SolutionProperties) = preSolution
		HideSolutionNode = FALSE
	EndGlobalSection
	GlobalSection(ExtensibilityGlobals) = postSolution
		SolutionGuid = {E2753363-8293-4A22-B66E-51A578416D9E}
	EndGlobalSection
EndGlobal
